
Microsoft Visual Studio Solution File, Format Version 12.00
# Visual Studio Version 17
VisualStudioVersion = 17.11.35303.130
MinimumVisualStudioVersion = 10.0.40219.1
Project("{8BC9CEB8-8B4A-11D0-8D11-00A0C91BC942}") = "Snake", "Snake\Snake.vcxproj", "{423B8356-E4E3-48D4-AF36-3D5B22935ABA}"
EndProject
Global
	GlobalSection(SolutionConfigurationPlatforms) = preSolution
		Debug|x64 = Debug|x64
		Debug|x86 = Debug|x86
		Release|x64 = Release|x64
		Release|x86 = Release|x86
	EndGlobalSection
	GlobalSection(ProjectConfigurationPlatforms) = postSolution
		{423B8356-E4E3-48D4-AF36-3D5B22935ABA}.Debug|x64.ActiveCfg = Debug|x64
		{423B8356-E4E3-48D4-AF36-3D5B22935ABA}.Debug|x64.Build.0 = Debug|x64
		{423B8356-E4E3-48D4-AF36-3D5B22935ABA}.Debug|x86.ActiveCfg = Debug|Win32
		{423B8356-E4E3-48D4-AF36-3D5B22935ABA}.Debug|x86.Build.0 = Debug|Win32
		{423B8356-E4E3-48D4-AF36-3D5B22935ABA}.Release|x64.ActiveCfg = Release|x64
		{423B8356-E4E3-48D4-AF36-3D5B22935ABA}.Release|x64.Build.0 = Release|x64
		{423B8356-E4E3-48D4-AF36-3D5B22935ABA}.Release|x86.ActiveCfg = Release|Win32
		{423B8356-E4E3-48D4-AF36-3D5B22935ABA}.Release|x86.Build.0 = Release|Win32
	EndGlobalSection
	GlobalSection(SolutionProperties) = preSolution
		HideSolutionNode = FALSE
	EndGlobalSection
	GlobalSection(ExtensibilityGlobals) = postSolution
		SolutionGuid = {51C9C0BB-10F9-43FC-BC6C-3949FC30A4F3}
	EndGlobalSection
EndGlobal
